
Microsoft Visual Studio Solution File, Format Version 12.00
# Visual Studio Version 17
VisualStudioVersion = 17.2.32516.85
MinimumVisualStudioVersion = 10.0.40219.1
Project("{9A19103F-16F7-4668-BE54-9A1E7A4F7556}") = "ClientProj", "CNA WPF\ClientProj.csproj", "{8FD92A37-0454-47F3-ADF9-C47A67807F71}"
EndProject
Project("{9A19103F-16F7-4668-BE54-9A1E7A4F7556}") = "ServerProj", "ServerProj\ServerProj.csproj", "{F3AD9FD8-4BA5-4B43-A35A-CB03622DBE0C}"
EndProject
Project("{9A19103F-16F7-4668-BE54-9A1E7A4F7556}") = "Packets", "Packets\Packets.csproj", "{C06C221A-6EDA-4B99-9431-E63F45C71C17}"
EndProject
Global
	GlobalSection(SolutionConfigurationPlatforms) = preSolution
		Debug|Any CPU = Debug|Any CPU
		Release|Any CPU = Release|Any CPU
	EndGlobalSection
	GlobalSection(ProjectConfigurationPlatforms) = postSolution
		{8FD92A37-0454-47F3-ADF9-C47A67807F71}.Debug|Any CPU.ActiveCfg = Debug|Any CPU
		{8FD92A37-0454-47F3-ADF9-C47A67807F71}.Debug|Any CPU.Build.0 = Debug|Any CPU
		{8FD92A37-0454-47F3-ADF9-C47A67807F71}.Release|Any CPU.ActiveCfg = Release|Any CPU
		{8FD92A37-0454-47F3-ADF9-C47A67807F71}.Release|Any CPU.Build.0 = Release|Any CPU
		{F3AD9FD8-4BA5-4B43-A35A-CB03622DBE0C}.Debug|Any CPU.ActiveCfg = Debug|Any CPU
		{F3AD9FD8-4BA5-4B43-A35A-CB03622DBE0C}.Debug|Any CPU.Build.0 = Debug|Any CPU
		{F3AD9FD8-4BA5-4B43-A35A-CB03622DBE0C}.Release|Any CPU.ActiveCfg = Release|Any CPU
		{F3AD9FD8-4BA5-4B43-A35A-CB03622DBE0C}.Release|Any CPU.Build.0 = Release|Any CPU
		{C06C221A-6EDA-4B99-9431-E63F45C71C17}.Debug|Any CPU.ActiveCfg = Debug|Any CPU
		{C06C221A-6EDA-4B99-9431-E63F45C71C17}.Debug|Any CPU.Build.0 = Debug|Any CPU
		{C06C221A-6EDA-4B99-9431-E63F45C71C17}.Release|Any CPU.ActiveCfg = Release|Any CPU
		{C06C221A-6EDA-4B99-9431-E63F45C71C17}.Release|Any CPU.Build.0 = Release|Any CPU
	EndGlobalSection
	GlobalSection(SolutionProperties) = preSolution
		HideSolutionNode = FALSE
	EndGlobalSection
	GlobalSection(ExtensibilityGlobals) = postSolution
		SolutionGuid = {147C9EBC-5E32-4FB1-A953-E93DA7524319}
	EndGlobalSection
EndGlobal
